
Microsoft Visual Studio Solution File, Format Version 12.00
# Visual Studio Version 16
VisualStudioVersion = 25.0.1706.4
MinimumVisualStudioVersion = 10.0.40219.1
Project("{FAE04EC0-301F-11D3-BF4B-00C04F79EFBC}") = "EFDbRelationshipsExamples", "EFDbRelationshipsExamples\EFDbRelationshipsExamples.csproj", "{33A15751-DE82-460F-BBFF-0D0FF1BA17C3}"
EndProject
Global
	GlobalSection(SolutionConfigurationPlatforms) = preSolution
		Debug|Any CPU = Debug|Any CPU
		Release|Any CPU = Release|Any CPU
	EndGlobalSection
	GlobalSection(ProjectConfigurationPlatforms) = postSolution
		{33A15751-DE82-460F-BBFF-0D0FF1BA17C3}.Debug|Any CPU.ActiveCfg = Debug|Any CPU
		{33A15751-DE82-460F-BBFF-0D0FF1BA17C3}.Debug|Any CPU.Build.0 = Debug|Any CPU
		{33A15751-DE82-460F-BBFF-0D0FF1BA17C3}.Release|Any CPU.ActiveCfg = Release|Any CPU
		{33A15751-DE82-460F-BBFF-0D0FF1BA17C3}.Release|Any CPU.Build.0 = Release|Any CPU
	EndGlobalSection
	GlobalSection(SolutionProperties) = preSolution
		HideSolutionNode = FALSE
	EndGlobalSection
	GlobalSection(ExtensibilityGlobals) = postSolution
		SolutionGuid = {3A1D2CDE-A8A7-48BC-96A6-8E8170978258}
	EndGlobalSection
EndGlobal
